
Microsoft Visual Studio Solution File, Format Version 12.00
# Visual Studio 14
VisualStudioVersion = 14.0.25420.1
MinimumVisualStudioVersion = 10.0.40219.1
Project("{FAE04EC0-301F-11D3-BF4B-00C04F79EFBC}") = "Tee.Collectibles.Api", "Tee.Collectibles.Api\Tee.Collectibles.Api.csproj", "{ED21F079-FB9D-4B77-B673-7B8C4D2D1B4B}"
EndProject
Project("{FAE04EC0-301F-11D3-BF4B-00C04F79EFBC}") = "Tee.Collectibles.Api.Tests", "Tee.Collectibles.Api.Tests\Tee.Collectibles.Api.Tests.csproj", "{0FF699B6-1565-44F6-9610-29EC0F665641}"
EndProject
Global
	GlobalSection(SolutionConfigurationPlatforms) = preSolution
		Debug|Any CPU = Debug|Any CPU
		Release|Any CPU = Release|Any CPU
	EndGlobalSection
	GlobalSection(ProjectConfigurationPlatforms) = postSolution
		{ED21F079-FB9D-4B77-B673-7B8C4D2D1B4B}.Debug|Any CPU.ActiveCfg = Debug|Any CPU
		{ED21F079-FB9D-4B77-B673-7B8C4D2D1B4B}.Debug|Any CPU.Build.0 = Debug|Any CPU
		{ED21F079-FB9D-4B77-B673-7B8C4D2D1B4B}.Release|Any CPU.ActiveCfg = Release|Any CPU
		{ED21F079-FB9D-4B77-B673-7B8C4D2D1B4B}.Release|Any CPU.Build.0 = Release|Any CPU
		{0FF699B6-1565-44F6-9610-29EC0F665641}.Debug|Any CPU.ActiveCfg = Debug|Any CPU
		{0FF699B6-1565-44F6-9610-29EC0F665641}.Debug|Any CPU.Build.0 = Debug|Any CPU
		{0FF699B6-1565-44F6-9610-29EC0F665641}.Release|Any CPU.ActiveCfg = Release|Any CPU
		{0FF699B6-1565-44F6-9610-29EC0F665641}.Release|Any CPU.Build.0 = Release|Any CPU
	EndGlobalSection
	GlobalSection(SolutionProperties) = preSolution
		HideSolutionNode = FALSE
	EndGlobalSection
EndGlobal
